// !$*UTF8*$!
{
	archiveVersion = 1;
	classes = {
	};
	objectVersion = 56;
	objects = {

/* Begin PBXBuildFile section */
		EC4A6F56A15A415092913E01 /* AlisonApp.swift in Sources */ = {isa = PBXBuildFile; fileRef = EC4A6F56A15A415092913ECF /* AlisonApp.swift */; };
		E0E94C48044E40B6A478E201 /* RingProduct.swift in Sources */ = {isa = PBXBuildFile; fileRef = E0E94C48044E40B6A478E288 /* RingProduct.swift */; };
		F3A98708B8BD49E288E55301 /* AlisonTheme.swift in Sources */ = {isa = PBXBuildFile; fileRef = F3A98708B8BD49E288E553CD /* AlisonTheme.swift */; };
		0992E891BC4046048D40A601 /* Smoothing.swift in Sources */ = {isa = PBXBuildFile; fileRef = 0992E891BC4046048D40A666 /* Smoothing.swift */; };
		06B6FBEF212C4F618C207501 /* RingEntityFactory.swift in Sources */ = {isa = PBXBuildFile; fileRef = 06B6FBEF212C4F618C2075F7 /* RingEntityFactory.swift */; };
		6474F9C6A7D141819ADFDE01 /* HandPoseEngine.swift in Sources */ = {isa = PBXBuildFile; fileRef = 6474F9C6A7D141819ADFDE87 /* HandPoseEngine.swift */; };
		87D56BB6211148C4B5E75501 /* RingTryOnViewController.swift in Sources */ = {isa = PBXBuildFile; fileRef = 87D56BB6211148C4B5E7551D /* RingTryOnViewController.swift */; };
		5D64797EFD88428DA1478F01 /* CatalogView.swift in Sources */ = {isa = PBXBuildFile; fileRef = 5D64797EFD88428DA1478F26 /* CatalogView.swift */; };
		3AD1C6882AF748FF9C2CF601 /* TryOnView.swift in Sources */ = {isa = PBXBuildFile; fileRef = 3AD1C6882AF748FF9C2CF6EE /* TryOnView.swift */; };
		D029AB63F92046C6A54D9B01 /* Assets.xcassets in Resources */ = {isa = PBXBuildFile; fileRef = D029AB63F92046C6A54D9BFF /* Assets.xcassets */; };
/* End PBXBuildFile section */

/* Begin PBXFileReference section */
		05497D90D657481F8CB6D5FE /* Alison.app */ = {isa = PBXFileReference; explicitFileType = wrapper.application; includeInIndex = 0; path = Alison.app; sourceTree = BUILT_PRODUCTS_DIR; };
		EC4A6F56A15A415092913ECF /* AlisonApp.swift */ = {isa = PBXFileReference; lastKnownFileType = sourcecode.swift; path = AlisonApp.swift; sourceTree = "<group>"; };
		E0E94C48044E40B6A478E288 /* RingProduct.swift */ = {isa = PBXFileReference; lastKnownFileType = sourcecode.swift; path = RingProduct.swift; sourceTree = "<group>"; };
		F3A98708B8BD49E288E553CD /* AlisonTheme.swift */ = {isa = PBXFileReference; lastKnownFileType = sourcecode.swift; path = AlisonTheme.swift; sourceTree = "<group>"; };
		0992E891BC4046048D40A666 /* Smoothing.swift */ = {isa = PBXFileReference; lastKnownFileType = sourcecode.swift; path = Smoothing.swift; sourceTree = "<group>"; };
		06B6FBEF212C4F618C2075F7 /* RingEntityFactory.swift */ = {isa = PBXFileReference; lastKnownFileType = sourcecode.swift; path = RingEntityFactory.swift; sourceTree = "<group>"; };
		6474F9C6A7D141819ADFDE87 /* HandPoseEngine.swift */ = {isa = PBXFileReference; lastKnownFileType = sourcecode.swift; path = HandPoseEngine.swift; sourceTree = "<group>"; };
		87D56BB6211148C4B5E7551D /* RingTryOnViewController.swift */ = {isa = PBXFileReference; lastKnownFileType = sourcecode.swift; path = RingTryOnViewController.swift; sourceTree = "<group>"; };
		5D64797EFD88428DA1478F26 /* CatalogView.swift */ = {isa = PBXFileReference; lastKnownFileType = sourcecode.swift; path = CatalogView.swift; sourceTree = "<group>"; };
		3AD1C6882AF748FF9C2CF6EE /* TryOnView.swift */ = {isa = PBXFileReference; lastKnownFileType = sourcecode.swift; path = TryOnView.swift; sourceTree = "<group>"; };
		D029AB63F92046C6A54D9BFF /* Assets.xcassets */ = {isa = PBXFileReference; lastKnownFileType = folder.assetcatalog; path = Assets.xcassets; sourceTree = "<group>"; };
		613D57E95A384E5E8593BEBC /* Info.plist */ = {isa = PBXFileReference; lastKnownFileType = text.plist.xml; path = Info.plist; sourceTree = "<group>"; };
/* End PBXFileReference section */

/* Begin PBXFrameworksBuildPhase section */
		F3B9A53452B3462AB4CB223F /* Frameworks */ = {
			isa = PBXFrameworksBuildPhase;
			buildActionMask = 2147483647;
			files = (
			);
			runOnlyForDeploymentPostprocessing = 0;
		};
/* End PBXFrameworksBuildPhase section */

/* Begin PBXGroup section */
		110286C492D34DD693737301 /* Root */ = {
			isa = PBXGroup;
			children = (
				110286C492D34DD693737302 /* Alison */,
				110286C492D34DD693737303 /* Products */,
			);
			sourceTree = "<group>";
		};
		110286C492D34DD693737302 /* Alison */ = {
			isa = PBXGroup;
			children = (
				EC4A6F56A15A415092913ECF /* AlisonApp.swift */,
				110286C492D34DD693737304 /* Models */,
				110286C492D34DD693737305 /* Views */,
				110286C492D34DD693737306 /* AR */,
				110286C492D34DD693737307 /* Theme */,
				D029AB63F92046C6A54D9BFF /* Assets.xcassets */,
				613D57E95A384E5E8593BEBC /* Info.plist */,
			);
			path = Alison;
			sourceTree = "<group>";
		};
		110286C492D34DD693737303 /* Products */ = {
			isa = PBXGroup;
			children = (
				05497D90D657481F8CB6D5FE /* Alison.app */,
			);
			name = Products;
			sourceTree = "<group>";
		};
		110286C492D34DD693737304 /* Models */ = {
			isa = PBXGroup;
			children = (
				E0E94C48044E40B6A478E288 /* RingProduct.swift */,
			);
			path = Models;
			sourceTree = "<group>";
		};
		110286C492D34DD693737305 /* Views */ = {
			isa = PBXGroup;
			children = (
				5D64797EFD88428DA1478F26 /* CatalogView.swift */,
				3AD1C6882AF748FF9C2CF6EE /* TryOnView.swift */,
			);
			path = Views;
			sourceTree = "<group>";
		};
		110286C492D34DD693737306 /* AR */ = {
			isa = PBXGroup;
			children = (
				0992E891BC4046048D40A666 /* Smoothing.swift */,
				06B6FBEF212C4F618C2075F7 /* RingEntityFactory.swift */,
				6474F9C6A7D141819ADFDE87 /* HandPoseEngine.swift */,
				87D56BB6211148C4B5E7551D /* RingTryOnViewController.swift */,
			);
			path = AR;
			sourceTree = "<group>";
		};
		110286C492D34DD693737307 /* Theme */ = {
			isa = PBXGroup;
			children = (
				F3A98708B8BD49E288E553CD /* AlisonTheme.swift */,
			);
			path = Theme;
			sourceTree = "<group>";
		};
/* End PBXGroup section */

/* Begin PBXNativeTarget section */
		FD9DA66880A1425199A7F19F /* Alison */ = {
			isa = PBXNativeTarget;
			buildConfigurationList = C248852158FE41DB8E53B0CD /* Build configuration list for PBXNativeTarget "Alison" */;
			buildPhases = (
				A54A34CCEB284B2499F4E29E /* Sources */,
				F3B9A53452B3462AB4CB223F /* Frameworks */,
				DE1553773A424B26B72C3425 /* Resources */,
			);
			buildRules = (
			);
			dependencies = (
			);
			name = Alison;
			productName = Alison;
			productReference = 05497D90D657481F8CB6D5FE /* Alison.app */;
			productType = "com.apple.product-type.application";
		};
/* End PBXNativeTarget section */

/* Begin PBXProject section */
		110286C492D34DD6937373BD /* Project object */ = {
			isa = PBXProject;
			attributes = {
				BuildIndependentTargetsInParallel = 1;
				LastSwiftUpdateCheck = 1540;
				LastUpgradeCheck = 1540;
				TargetAttributes = {
					FD9DA66880A1425199A7F19F = {
						CreatedOnToolsVersion = 15.4;
					};
				};
			};
			buildConfigurationList = 5B458274D2E24EBCA49865CA /* Build configuration list for PBXProject "Alison" */;
			compatibilityVersion = "Xcode 14.0";
			developmentRegion = en;
			hasScannedForEncodings = 0;
			knownRegions = (
				en,
				Base,
			);
			mainGroup = 110286C492D34DD693737301 /* Root */;
			productRefGroup = 110286C492D34DD693737303 /* Products */;
			projectDirPath = "";
			projectRoot = "";
			targets = (
				FD9DA66880A1425199A7F19F /* Alison */,
			);
		};
/* End PBXProject section */

/* Begin PBXResourcesBuildPhase section */
		DE1553773A424B26B72C3425 /* Resources */ = {
			isa = PBXResourcesBuildPhase;
			buildActionMask = 2147483647;
			files = (
				D029AB63F92046C6A54D9B01 /* Assets.xcassets in Resources */,
			);
			runOnlyForDeploymentPostprocessing = 0;
		};
/* End PBXResourcesBuildPhase section */

/* Begin PBXSourcesBuildPhase section */
		A54A34CCEB284B2499F4E29E /* Sources */ = {
			isa = PBXSourcesBuildPhase;
			buildActionMask = 2147483647;
			files = (
				EC4A6F56A15A415092913E01 /* AlisonApp.swift in Sources */,
				E0E94C48044E40B6A478E201 /* RingProduct.swift in Sources */,
				F3A98708B8BD49E288E55301 /* AlisonTheme.swift in Sources */,
				0992E891BC4046048D40A601 /* Smoothing.swift in Sources */,
				06B6FBEF212C4F618C207501 /* RingEntityFactory.swift in Sources */,
				6474F9C6A7D141819ADFDE01 /* HandPoseEngine.swift in Sources */,
				87D56BB6211148C4B5E75501 /* RingTryOnViewController.swift in Sources */,
				5D64797EFD88428DA1478F01 /* CatalogView.swift in Sources */,
				3AD1C6882AF748FF9C2CF601 /* TryOnView.swift in Sources */,
			);
			runOnlyForDeploymentPostprocessing = 0;
		};
/* End PBXSourcesBuildPhase section */

/* Begin XCBuildConfiguration section */
		B70E882B4E284EE8AF5814DE /* Debug */ = {
			isa = XCBuildConfiguration;
			buildSettings = {
				ALWAYS_SEARCH_USER_PATHS = NO;
				CLANG_ENABLE_MODULES = YES;
				CLANG_ENABLE_OBJC_ARC = YES;
				COPY_PHASE_STRIP = NO;
				DEBUG_INFORMATION_FORMAT = dwarf;
				ENABLE_TESTABILITY = YES;
				GCC_DYNAMIC_NO_PIC = NO;
				GCC_OPTIMIZATION_LEVEL = 0;
				IPHONEOS_DEPLOYMENT_TARGET = 17.0;
				ONLY_ACTIVE_ARCH = YES;
				SDKROOT = iphoneos;
				SWIFT_ACTIVE_COMPILATION_CONDITIONS = DEBUG;
				SWIFT_OPTIMIZATION_LEVEL = "-Onone";
			};
			name = Debug;
		};
		7D5A841E2F4B42338BE0937C /* Release */ = {
			isa = XCBuildConfiguration;
			buildSettings = {
				ALWAYS_SEARCH_USER_PATHS = NO;
				CLANG_ENABLE_MODULES = YES;
				CLANG_ENABLE_OBJC_ARC = YES;
				COPY_PHASE_STRIP = NO;
				DEBUG_INFORMATION_FORMAT = "dwarf-with-dsym";
				IPHONEOS_DEPLOYMENT_TARGET = 17.0;
				SDKROOT = iphoneos;
				SWIFT_COMPILATION_MODE = wholemodule;
				VALIDATE_PRODUCT = YES;
			};
			name = Release;
		};
		D75B8AC1C73548559DAA414E /* Debug */ = {
			isa = XCBuildConfiguration;
			buildSettings = {
				ASSETCATALOG_COMPILER_APPICON_NAME = AppIcon;
				ASSETCATALOG_COMPILER_GLOBAL_ACCENT_COLOR_NAME = AccentColor;
				CODE_SIGN_STYLE = Manual;
				CURRENT_PROJECT_VERSION = 1;
				DEVELOPMENT_TEAM = "";
				GENERATE_INFOPLIST_FILE = NO;
				INFOPLIST_FILE = Alison/Info.plist;
				INFOPLIST_KEY_CFBundleDisplayName = Alison;
				INFOPLIST_KEY_UIApplicationSupportsIndirectInputEvents = YES;
				LD_RUNPATH_SEARCH_PATHS = (
					"$(inherited)",
					"@executable_path/Frameworks",
				);
				MARKETING_VERSION = 1.0;
				PRODUCT_BUNDLE_IDENTIFIER = al.ideashop.app;
				PRODUCT_NAME = "$(TARGET_NAME)";
				SUPPORTED_PLATFORMS = "iphoneos iphonesimulator";
				SUPPORTS_MACCATALYST = NO;
				SWIFT_EMIT_LOC_STRINGS = YES;
				SWIFT_VERSION = 5.0;
				TARGETED_DEVICE_FAMILY = 1;
				VERSIONING_SYSTEM = "apple-generic";
			};
			name = Debug;
		};
		A2294BECA9EA49DCA003D818 /* Release */ = {
			isa = XCBuildConfiguration;
			buildSettings = {
				ASSETCATALOG_COMPILER_APPICON_NAME = AppIcon;
				ASSETCATALOG_COMPILER_GLOBAL_ACCENT_COLOR_NAME = AccentColor;
				CODE_SIGN_STYLE = Manual;
				CURRENT_PROJECT_VERSION = 1;
				DEVELOPMENT_TEAM = "";
				GENERATE_INFOPLIST_FILE = NO;
				INFOPLIST_FILE = Alison/Info.plist;
				INFOPLIST_KEY_CFBundleDisplayName = Alison;
				INFOPLIST_KEY_UIApplicationSupportsIndirectInputEvents = YES;
				LD_RUNPATH_SEARCH_PATHS = (
					"$(inherited)",
					"@executable_path/Frameworks",
				);
				MARKETING_VERSION = 1.0;
				PRODUCT_BUNDLE_IDENTIFIER = al.ideashop.app;
				PRODUCT_NAME = "$(TARGET_NAME)";
				SUPPORTED_PLATFORMS = "iphoneos iphonesimulator";
				SUPPORTS_MACCATALYST = NO;
				SWIFT_EMIT_LOC_STRINGS = YES;
				SWIFT_VERSION = 5.0;
				TARGETED_DEVICE_FAMILY = 1;
				VERSIONING_SYSTEM = "apple-generic";
			};
			name = Release;
		};
/* End XCBuildConfiguration section */

/* Begin XCConfigurationList section */
		5B458274D2E24EBCA49865CA /* Build configuration list for PBXProject "Alison" */ = {
			isa = XCConfigurationList;
			buildConfigurations = (
				B70E882B4E284EE8AF5814DE /* Debug */,
				7D5A841E2F4B42338BE0937C /* Release */,
			);
			defaultConfigurationIsVisible = 0;
			defaultConfigurationName = Release;
		};
		C248852158FE41DB8E53B0CD /* Build configuration list for PBXNativeTarget "Alison" */ = {
			isa = XCConfigurationList;
			buildConfigurations = (
				D75B8AC1C73548559DAA414E /* Debug */,
				A2294BECA9EA49DCA003D818 /* Release */,
			);
			defaultConfigurationIsVisible = 0;
			defaultConfigurationName = Release;
		};
/* End XCConfigurationList section */
	};
	rootObject = 110286C492D34DD6937373BD /* Project object */;
}
